// !$*UTF8*$!
{
	archiveVersion = 1;
	classes = {
	};
	objectVersion = 77;
	objects = {

/* Begin PBXBuildFile section */
		C7113AEE2F3006C100201B8D /* PasswordMonitorHelperApp.app in Resources */ = {isa = PBXBuildFile; fileRef = C75A047E2F2B3784009BC04C /* PasswordMonitorHelperApp.app */; };
		65588709FE16406EA4CDD952 /* PasswordMonitorCore.framework in Frameworks */ = {isa = PBXBuildFile; fileRef = C72340BC2F28192F00C53976 /* PasswordMonitorCore.framework */; };
		7D8394EF112E4AB39AE89FE2 /* PasswordMonitorCore.framework in Frameworks */ = {isa = PBXBuildFile; fileRef = C72340BC2F28192F00C53976 /* PasswordMonitorCore.framework */; };
		C72340C42F28192F00C53976 /* PasswordMonitorCore.framework in Frameworks */ = {isa = PBXBuildFile; fileRef = C72340BC2F28192F00C53976 /* PasswordMonitorCore.framework */; };
		C72340D12F281BF800C53976 /* PasswordMonitorCore.framework in CopyFiles */ = {isa = PBXBuildFile; fileRef = C72340BC2F28192F00C53976 /* PasswordMonitorCore.framework */; settings = {ATTRIBUTES = (CodeSignOnCopy, RemoveHeadersOnCopy, ); }; };
		8F27F490006C40A89FDDCCC3 /* PasswordMonitorCoreTests.swift in Sources */ = {isa = PBXBuildFile; fileRef = FBEDBD55289C487A81C00DCD /* PasswordMonitorCoreTests.swift */; };
		9C869BA7B69F447DA12E1BFA /* XCTest.framework in Frameworks */ = {isa = PBXBuildFile; fileRef = CFFB41C67DAA408AACEE5351 /* XCTest.framework */; };
		C75A04AF2F2C0D7C009BC04C /* PasswordMonitorHelperApp.app in CopyFiles */ = {isa = PBXBuildFile; fileRef = C75A047E2F2B3784009BC04C /* PasswordMonitorHelperApp.app */; settings = {ATTRIBUTES = (RemoveHeadersOnCopy, ); }; };
/* End PBXBuildFile section */

/* Begin PBXContainerItemProxy section */
		C7113AEF2F30096A00201B8D /* PBXContainerItemProxy */ = {
			isa = PBXContainerItemProxy;
			containerPortal = C723407D2F263E5400C53976 /* Project object */;
			proxyType = 1;
			remoteGlobalIDString = C75A047D2F2B3784009BC04C;
			remoteInfo = PasswordMonitorHelperApp;
		};
		C72340C22F28192F00C53976 /* PBXContainerItemProxy */ = {
			isa = PBXContainerItemProxy;
			containerPortal = C723407D2F263E5400C53976 /* Project object */;
			proxyType = 1;
			remoteGlobalIDString = C72340BB2F28192F00C53976;
			remoteInfo = PasswordMonitorCore;
		};
		DAA6857E25DF4DB2B28D5AA6 /* PBXContainerItemProxy */ = {
			isa = PBXContainerItemProxy;
			containerPortal = C723407D2F263E5400C53976 /* Project object */;
			proxyType = 1;
			remoteGlobalIDString = C72340BB2F28192F00C53976;
			remoteInfo = PasswordMonitorCore;
		};
		9E06532FBF6E474BA3B9E01D /* PBXContainerItemProxy */ = {
			isa = PBXContainerItemProxy;
			containerPortal = C723407D2F263E5400C53976 /* Project object */;
			proxyType = 1;
			remoteGlobalIDString = C72340BB2F28192F00C53976;
			remoteInfo = PasswordMonitorCore;
		};
/* End PBXContainerItemProxy section */

/* Begin PBXCopyFilesBuildPhase section */
		C72340D02F281BDF00C53976 /* CopyFiles */ = {
			isa = PBXCopyFilesBuildPhase;
			buildActionMask = 2147483647;
			dstPath = "";
			dstSubfolderSpec = 10;
			files = (
				C72340D12F281BF800C53976 /* PasswordMonitorCore.framework in CopyFiles */,
			);
			runOnlyForDeploymentPostprocessing = 0;
		};
		C75A04AE2F2C0D50009BC04C /* CopyFiles */ = {
			isa = PBXCopyFilesBuildPhase;
			buildActionMask = 2147483647;
			dstPath = Contents/Library/LoginItems;
			dstSubfolderSpec = 1;
			files = (
				C75A04AF2F2C0D7C009BC04C /* PasswordMonitorHelperApp.app in CopyFiles */,
			);
			runOnlyForDeploymentPostprocessing = 0;
		};
/* End PBXCopyFilesBuildPhase section */

/* Begin PBXFileReference section */
		C72340852F263E5400C53976 /* PasswordMonitor.app */ = {isa = PBXFileReference; explicitFileType = wrapper.application; includeInIndex = 0; path = PasswordMonitor.app; sourceTree = BUILT_PRODUCTS_DIR; };
		C72340BC2F28192F00C53976 /* PasswordMonitorCore.framework */ = {isa = PBXFileReference; explicitFileType = wrapper.framework; includeInIndex = 0; path = PasswordMonitorCore.framework; sourceTree = BUILT_PRODUCTS_DIR; };
		CFFB41C67DAA408AACEE5351 /* XCTest.framework */ = {isa = PBXFileReference; lastKnownFileType = wrapper.framework; name = XCTest.framework; path = System/Library/Frameworks/XCTest.framework; sourceTree = SDKROOT; };
		D0234C0462F74324AF687191 /* PasswordMonitorCoreTests.xctest */ = {isa = PBXFileReference; explicitFileType = wrapper.cfbundle; includeInIndex = 0; path = PasswordMonitorCoreTests.xctest; sourceTree = BUILT_PRODUCTS_DIR; };
		FBEDBD55289C487A81C00DCD /* PasswordMonitorCoreTests.swift */ = {isa = PBXFileReference; lastKnownFileType = sourcecode.swift; path = PasswordMonitorCoreTests.swift; sourceTree = "<group>"; };
		C75A047E2F2B3784009BC04C /* PasswordMonitorHelperApp.app */ = {isa = PBXFileReference; explicitFileType = wrapper.application; includeInIndex = 0; path = PasswordMonitorHelperApp.app; sourceTree = BUILT_PRODUCTS_DIR; };
/* End PBXFileReference section */

/* Begin PBXFileSystemSynchronizedBuildFileExceptionSet section */
		C75A048B2F2B37CD009BC04C /* Exceptions for "PasswordMonitorHelperApp" folder in "PasswordMonitorHelperApp" target */ = {
			isa = PBXFileSystemSynchronizedBuildFileExceptionSet;
			membershipExceptions = (
			);
			target = C75A047D2F2B3784009BC04C /* PasswordMonitorHelperApp */;
		};
/* End PBXFileSystemSynchronizedBuildFileExceptionSet section */

/* Begin PBXFileSystemSynchronizedRootGroup section */
		C72340872F263E5400C53976 /* PasswordMonitor */ = {
			isa = PBXFileSystemSynchronizedRootGroup;
			path = PasswordMonitor;
			sourceTree = "<group>";
		};
		C72340BD2F28192F00C53976 /* PasswordMonitorCore */ = {
			isa = PBXFileSystemSynchronizedRootGroup;
			path = PasswordMonitorCore;
			sourceTree = "<group>";
		};
		C75A047F2F2B3784009BC04C /* PasswordMonitorHelperApp */ = {
			isa = PBXFileSystemSynchronizedRootGroup;
			exceptions = (
				C75A048B2F2B37CD009BC04C /* Exceptions for "PasswordMonitorHelperApp" folder in "PasswordMonitorHelperApp" target */,
			);
			path = PasswordMonitorHelperApp;
			sourceTree = "<group>";
		};
/* End PBXFileSystemSynchronizedRootGroup section */

/* Begin PBXFrameworksBuildPhase section */
		C72340822F263E5400C53976 /* Frameworks */ = {
			isa = PBXFrameworksBuildPhase;
			buildActionMask = 2147483647;
			files = (
				C72340C42F28192F00C53976 /* PasswordMonitorCore.framework in Frameworks */,
			);
			runOnlyForDeploymentPostprocessing = 0;
		};
		C72340B92F28192F00C53976 /* Frameworks */ = {
			isa = PBXFrameworksBuildPhase;
			buildActionMask = 2147483647;
			files = (
			);
			runOnlyForDeploymentPostprocessing = 0;
		};
		C75A047B2F2B3784009BC04C /* Frameworks */ = {
			isa = PBXFrameworksBuildPhase;
			buildActionMask = 2147483647;
			files = (
				7D8394EF112E4AB39AE89FE2 /* PasswordMonitorCore.framework in Frameworks */,
			);
			runOnlyForDeploymentPostprocessing = 0;
		};
		FFEAD778B4CC418D9778C037 /* Frameworks */ = {
			isa = PBXFrameworksBuildPhase;
			buildActionMask = 2147483647;
			files = (
				65588709FE16406EA4CDD952 /* PasswordMonitorCore.framework in Frameworks */,
				9C869BA7B69F447DA12E1BFA /* XCTest.framework in Frameworks */,
			);
			runOnlyForDeploymentPostprocessing = 0;
		};
/* End PBXFrameworksBuildPhase section */

/* Begin PBXGroup section */
		C723407C2F263E5400C53976 = {
			isa = PBXGroup;
			children = (
				C72340872F263E5400C53976 /* PasswordMonitor */,
				C72340BD2F28192F00C53976 /* PasswordMonitorCore */,
				F1CE9A8368174B5D997FD3EB /* PasswordMonitorCoreTests */,
				C75A047F2F2B3784009BC04C /* PasswordMonitorHelperApp */,
				C72340D52F28207000C53976 /* Frameworks */,
				C72340862F263E5400C53976 /* Products */,
			);
			sourceTree = "<group>";
		};
		C72340862F263E5400C53976 /* Products */ = {
			isa = PBXGroup;
			children = (
				C72340852F263E5400C53976 /* PasswordMonitor.app */,
				C72340BC2F28192F00C53976 /* PasswordMonitorCore.framework */,
				D0234C0462F74324AF687191 /* PasswordMonitorCoreTests.xctest */,
				C75A047E2F2B3784009BC04C /* PasswordMonitorHelperApp.app */,
			);
			name = Products;
			sourceTree = "<group>";
		};
		C72340D52F28207000C53976 /* Frameworks */ = {
			isa = PBXGroup;
			children = (
				CFFB41C67DAA408AACEE5351 /* XCTest.framework */,
			);
			name = Frameworks;
			sourceTree = "<group>";
		};
		F1CE9A8368174B5D997FD3EB /* PasswordMonitorCoreTests */ = {
			isa = PBXGroup;
			children = (
				FBEDBD55289C487A81C00DCD /* PasswordMonitorCoreTests.swift */,
			);
			path = PasswordMonitorCoreTests;
			sourceTree = "<group>";
		};
/* End PBXGroup section */

/* Begin PBXHeadersBuildPhase section */
		C72340B72F28192F00C53976 /* Headers */ = {
			isa = PBXHeadersBuildPhase;
			buildActionMask = 2147483647;
			files = (
			);
			runOnlyForDeploymentPostprocessing = 0;
		};
/* End PBXHeadersBuildPhase section */

/* Begin PBXNativeTarget section */
		C72340842F263E5400C53976 /* PasswordMonitor */ = {
			isa = PBXNativeTarget;
			buildConfigurationList = C72340902F263E5500C53976 /* Build configuration list for PBXNativeTarget "PasswordMonitor" */;
			buildPhases = (
				C72340812F263E5400C53976 /* Sources */,
			91C4FB18938445C6AF4B5A9C /* Check Localizations */,
				C72340822F263E5400C53976 /* Frameworks */,
				C72340832F263E5400C53976 /* Resources */,
				C72340D02F281BDF00C53976 /* CopyFiles */,
				C75A04AE2F2C0D50009BC04C /* CopyFiles */,
			);
			buildRules = (
			);
			dependencies = (
				C7113AF02F30096A00201B8D /* PBXTargetDependency */,
				C72340C32F28192F00C53976 /* PBXTargetDependency */,
			);
			fileSystemSynchronizedGroups = (
				C72340872F263E5400C53976 /* PasswordMonitor */,
			);
			name = PasswordMonitor;
			packageProductDependencies = (
			);
			productName = PasswordMonitor;
			productReference = C72340852F263E5400C53976 /* PasswordMonitor.app */;
			productType = "com.apple.product-type.application";
		};
		C72340BB2F28192F00C53976 /* PasswordMonitorCore */ = {
			isa = PBXNativeTarget;
			buildConfigurationList = C72340C62F28192F00C53976 /* Build configuration list for PBXNativeTarget "PasswordMonitorCore" */;
			buildPhases = (
				C72340B72F28192F00C53976 /* Headers */,
				C72340B82F28192F00C53976 /* Sources */,
				C72340B92F28192F00C53976 /* Frameworks */,
				C72340BA2F28192F00C53976 /* Resources */,
			);
			buildRules = (
			);
			dependencies = (
			);
			fileSystemSynchronizedGroups = (
				C72340BD2F28192F00C53976 /* PasswordMonitorCore */,
			);
			name = PasswordMonitorCore;
			packageProductDependencies = (
			);
			productName = PasswordMonitorCore;
			productReference = C72340BC2F28192F00C53976 /* PasswordMonitorCore.framework */;
			productType = "com.apple.product-type.framework";
		};
		C75A047D2F2B3784009BC04C /* PasswordMonitorHelperApp */ = {
			isa = PBXNativeTarget;
			buildConfigurationList = C75A04882F2B3786009BC04C /* Build configuration list for PBXNativeTarget "PasswordMonitorHelperApp" */;
			buildPhases = (
				C75A047A2F2B3784009BC04C /* Sources */,
				C75A047B2F2B3784009BC04C /* Frameworks */,
			);
			buildRules = (
			);
			dependencies = (
				4501DB57F17D4E0CAB26A8AF /* PBXTargetDependency */,
			);
			fileSystemSynchronizedGroups = (
				C75A047F2F2B3784009BC04C /* PasswordMonitorHelperApp */,
			);
			name = PasswordMonitorHelperApp;
			packageProductDependencies = (
			);
			productName = PasswordMonitorHelperApp;
			productReference = C75A047E2F2B3784009BC04C /* PasswordMonitorHelperApp.app */;
			productType = "com.apple.product-type.application";
		};
		1002040C0F224AD0A663F502 /* PasswordMonitorCoreTests */ = {
			isa = PBXNativeTarget;
			buildConfigurationList = E27DF592E3F64D8490400832 /* Build configuration list for PBXNativeTarget "PasswordMonitorCoreTests" */;
			buildPhases = (
				13EA6C704A5A4662AEAD422A /* Sources */,
				FFEAD778B4CC418D9778C037 /* Frameworks */,
				6F7064F6DD164C98B9384F30 /* Resources */,
			);
			buildRules = (
			);
			dependencies = (
				59893EE659CC40A49CB3E361 /* PBXTargetDependency */,
			);
			name = PasswordMonitorCoreTests;
			packageProductDependencies = (
			);
			productName = PasswordMonitorCoreTests;
			productReference = D0234C0462F74324AF687191 /* PasswordMonitorCoreTests.xctest */;
			productType = "com.apple.product-type.bundle.unit-test";
		};
/* End PBXNativeTarget section */

/* Begin PBXProject section */
		C723407D2F263E5400C53976 /* Project object */ = {
			isa = PBXProject;
			attributes = {
				BuildIndependentTargetsInParallel = 1;
				KnownAssetTags = (
					cae,
				);
				LastSwiftUpdateCheck = 2620;
				LastUpgradeCheck = 2620;
				TargetAttributes = {
					C72340842F263E5400C53976 = {
						CreatedOnToolsVersion = 26.2;
					};
					C72340BB2F28192F00C53976 = {
						CreatedOnToolsVersion = 26.2;
					};
					C75A047D2F2B3784009BC04C = {
						CreatedOnToolsVersion = 26.2;
					};
					1002040C0F224AD0A663F502 = {
						CreatedOnToolsVersion = 26.2;
					};
				};
			};
			buildConfigurationList = C72340802F263E5400C53976 /* Build configuration list for PBXProject "PasswordMonitor" */;
			developmentRegion = en;
			hasScannedForEncodings = 0;
			knownRegions = (
				en,
				Base,
				pl,
			);
			mainGroup = C723407C2F263E5400C53976;
			minimizedProjectReferenceProxies = 1;
			preferredProjectObjectVersion = 77;
			productRefGroup = C72340862F263E5400C53976 /* Products */;
			projectDirPath = "";
			projectRoot = "";
			targets = (
				C72340842F263E5400C53976 /* PasswordMonitor */,
				C72340BB2F28192F00C53976 /* PasswordMonitorCore */,
				C75A047D2F2B3784009BC04C /* PasswordMonitorHelperApp */,
				1002040C0F224AD0A663F502 /* PasswordMonitorCoreTests */,
			);
		};
/* End PBXProject section */

/* Begin PBXResourcesBuildPhase section */
		C72340832F263E5400C53976 /* Resources */ = {
			isa = PBXResourcesBuildPhase;
			buildActionMask = 2147483647;
			files = (
				C7113AEE2F3006C100201B8D /* PasswordMonitorHelperApp.app in Resources */,
			);
			runOnlyForDeploymentPostprocessing = 0;
		};
		C72340BA2F28192F00C53976 /* Resources */ = {
			isa = PBXResourcesBuildPhase;
			buildActionMask = 2147483647;
			files = (
			);
			runOnlyForDeploymentPostprocessing = 0;
		};
		6F7064F6DD164C98B9384F30 /* Resources */ = {
			isa = PBXResourcesBuildPhase;
			buildActionMask = 2147483647;
			files = (
			);
			runOnlyForDeploymentPostprocessing = 0;
		};
/* End PBXResourcesBuildPhase section */

/* Begin PBXShellScriptBuildPhase section */
		91C4FB18938445C6AF4B5A9C /* Check Localizations */ = {
			isa = PBXShellScriptBuildPhase;
			buildActionMask = 2147483647;
			files = (
			);
			inputPaths = (
			);
			outputPaths = (
				"$(DERIVED_FILE_DIR)/check_localizations.stamp",
			);
			runOnlyForDeploymentPostprocessing = 0;
			shellPath = /bin/sh;
			shellScript = "python3 scripts/check_localizations.py\n/usr/bin/touch \"$SCRIPT_OUTPUT_FILE_0\"";
			showEnvVarsInLog = 0;
		};
/* End PBXShellScriptBuildPhase section */


/* Begin PBXSourcesBuildPhase section */
		C72340812F263E5400C53976 /* Sources */ = {
			isa = PBXSourcesBuildPhase;
			buildActionMask = 2147483647;
			files = (
			);
			runOnlyForDeploymentPostprocessing = 0;
		};
		C72340B82F28192F00C53976 /* Sources */ = {
			isa = PBXSourcesBuildPhase;
			buildActionMask = 2147483647;
			files = (
			);
			runOnlyForDeploymentPostprocessing = 0;
		};
		C75A047A2F2B3784009BC04C /* Sources */ = {
			isa = PBXSourcesBuildPhase;
			buildActionMask = 2147483647;
			files = (
			);
			runOnlyForDeploymentPostprocessing = 0;
		};
		13EA6C704A5A4662AEAD422A /* Sources */ = {
			isa = PBXSourcesBuildPhase;
			buildActionMask = 2147483647;
			files = (
				8F27F490006C40A89FDDCCC3 /* PasswordMonitorCoreTests.swift in Sources */,
			);
			runOnlyForDeploymentPostprocessing = 0;
		};
/* End PBXSourcesBuildPhase section */

/* Begin PBXTargetDependency section */
		C7113AF02F30096A00201B8D /* PBXTargetDependency */ = {
			isa = PBXTargetDependency;
			target = C75A047D2F2B3784009BC04C /* PasswordMonitorHelperApp */;
			targetProxy = C7113AEF2F30096A00201B8D /* PBXContainerItemProxy */;
		};
		C72340C32F28192F00C53976 /* PBXTargetDependency */ = {
			isa = PBXTargetDependency;
			target = C72340BB2F28192F00C53976 /* PasswordMonitorCore */;
			targetProxy = C72340C22F28192F00C53976 /* PBXContainerItemProxy */;
		};
		59893EE659CC40A49CB3E361 /* PBXTargetDependency */ = {
			isa = PBXTargetDependency;
			target = C72340BB2F28192F00C53976 /* PasswordMonitorCore */;
			targetProxy = 9E06532FBF6E474BA3B9E01D /* PBXContainerItemProxy */;
		};
		4501DB57F17D4E0CAB26A8AF /* PBXTargetDependency */ = {
			isa = PBXTargetDependency;
			target = C72340BB2F28192F00C53976 /* PasswordMonitorCore */;
			targetProxy = DAA6857E25DF4DB2B28D5AA6 /* PBXContainerItemProxy */;
		};
/* End PBXTargetDependency section */

/* Begin XCBuildConfiguration section */
		C723408E2F263E5500C53976 /* Debug */ = {
			isa = XCBuildConfiguration;
			buildSettings = {
				ALWAYS_SEARCH_USER_PATHS = NO;
				ASSETCATALOG_COMPILER_GENERATE_SWIFT_ASSET_SYMBOL_EXTENSIONS = YES;
				CLANG_ANALYZER_NONNULL = YES;
				CLANG_ANALYZER_NUMBER_OBJECT_CONVERSION = YES_AGGRESSIVE;
				CLANG_CXX_LANGUAGE_STANDARD = "gnu++20";
				CLANG_ENABLE_MODULES = YES;
				CLANG_ENABLE_OBJC_ARC = YES;
				CLANG_ENABLE_OBJC_WEAK = YES;
				CLANG_WARN_BLOCK_CAPTURE_AUTORELEASING = YES;
				CLANG_WARN_BOOL_CONVERSION = YES;
				CLANG_WARN_COMMA = YES;
				CLANG_WARN_CONSTANT_CONVERSION = YES;
				CLANG_WARN_DEPRECATED_OBJC_IMPLEMENTATIONS = YES;
				CLANG_WARN_DIRECT_OBJC_ISA_USAGE = YES_ERROR;
				CLANG_WARN_DOCUMENTATION_COMMENTS = YES;
				CLANG_WARN_EMPTY_BODY = YES;
				CLANG_WARN_ENUM_CONVERSION = YES;
				CLANG_WARN_INFINITE_RECURSION = YES;
				CLANG_WARN_INT_CONVERSION = YES;
				CLANG_WARN_NON_LITERAL_NULL_CONVERSION = YES;
				CLANG_WARN_OBJC_IMPLICIT_RETAIN_SELF = YES;
				CLANG_WARN_OBJC_LITERAL_CONVERSION = YES;
				CLANG_WARN_OBJC_ROOT_CLASS = YES_ERROR;
				CLANG_WARN_QUOTED_INCLUDE_IN_FRAMEWORK_HEADER = YES;
				CLANG_WARN_RANGE_LOOP_ANALYSIS = YES;
				CLANG_WARN_STRICT_PROTOTYPES = YES;
				CLANG_WARN_SUSPICIOUS_MOVE = YES;
				CLANG_WARN_UNGUARDED_AVAILABILITY = YES_AGGRESSIVE;
				CLANG_WARN_UNREACHABLE_CODE = YES;
				CLANG_WARN__DUPLICATE_METHOD_MATCH = YES;
				COPY_PHASE_STRIP = NO;
				DEBUG_INFORMATION_FORMAT = dwarf;
				DEVELOPMENT_TEAM = SY8DWFNG8P;
				ENABLE_HARDENED_RUNTIME = YES;
				ENABLE_STRICT_OBJC_MSGSEND = YES;
				ENABLE_TESTABILITY = YES;
				ENABLE_USER_SCRIPT_SANDBOXING = NO;
				GCC_C_LANGUAGE_STANDARD = gnu17;
				GCC_DYNAMIC_NO_PIC = NO;
				GCC_NO_COMMON_BLOCKS = YES;
				GCC_OPTIMIZATION_LEVEL = 0;
				GCC_PREPROCESSOR_DEFINITIONS = (
					"DEBUG=1",
					"$(inherited)",
				);
				GCC_WARN_64_TO_32_BIT_CONVERSION = YES;
				GCC_WARN_ABOUT_RETURN_TYPE = YES_ERROR;
				GCC_WARN_UNDECLARED_SELECTOR = YES;
				GCC_WARN_UNINITIALIZED_AUTOS = YES_AGGRESSIVE;
				GCC_WARN_UNUSED_FUNCTION = YES;
				GCC_WARN_UNUSED_VARIABLE = YES;
				LOCALIZATION_PREFERS_STRING_CATALOGS = YES;
				MACOSX_DEPLOYMENT_TARGET = 26.2;
				MTL_ENABLE_DEBUG_INFO = INCLUDE_SOURCE;
				MTL_FAST_MATH = YES;
				ONLY_ACTIVE_ARCH = YES;
				SDKROOT = macosx;
				SWIFT_ACTIVE_COMPILATION_CONDITIONS = "DEBUG $(inherited)";
				SWIFT_OPTIMIZATION_LEVEL = "-Onone";
				SWIFT_VERSION = "";
			};
			name = Debug;
		};
		C723408F2F263E5500C53976 /* Release */ = {
			isa = XCBuildConfiguration;
			buildSettings = {
				ALWAYS_SEARCH_USER_PATHS = NO;
				ASSETCATALOG_COMPILER_GENERATE_SWIFT_ASSET_SYMBOL_EXTENSIONS = YES;
				CLANG_ANALYZER_NONNULL = YES;
				CLANG_ANALYZER_NUMBER_OBJECT_CONVERSION = YES_AGGRESSIVE;
				CLANG_CXX_LANGUAGE_STANDARD = "gnu++20";
				CLANG_ENABLE_MODULES = YES;
				CLANG_ENABLE_OBJC_ARC = YES;
				CLANG_ENABLE_OBJC_WEAK = YES;
				CLANG_WARN_BLOCK_CAPTURE_AUTORELEASING = YES;
				CLANG_WARN_BOOL_CONVERSION = YES;
				CLANG_WARN_COMMA = YES;
				CLANG_WARN_CONSTANT_CONVERSION = YES;
				CLANG_WARN_DEPRECATED_OBJC_IMPLEMENTATIONS = YES;
				CLANG_WARN_DIRECT_OBJC_ISA_USAGE = YES_ERROR;
				CLANG_WARN_DOCUMENTATION_COMMENTS = YES;
				CLANG_WARN_EMPTY_BODY = YES;
				CLANG_WARN_ENUM_CONVERSION = YES;
				CLANG_WARN_INFINITE_RECURSION = YES;
				CLANG_WARN_INT_CONVERSION = YES;
				CLANG_WARN_NON_LITERAL_NULL_CONVERSION = YES;
				CLANG_WARN_OBJC_IMPLICIT_RETAIN_SELF = YES;
				CLANG_WARN_OBJC_LITERAL_CONVERSION = YES;
				CLANG_WARN_OBJC_ROOT_CLASS = YES_ERROR;
				CLANG_WARN_QUOTED_INCLUDE_IN_FRAMEWORK_HEADER = YES;
				CLANG_WARN_RANGE_LOOP_ANALYSIS = YES;
				CLANG_WARN_STRICT_PROTOTYPES = YES;
				CLANG_WARN_SUSPICIOUS_MOVE = YES;
				CLANG_WARN_UNGUARDED_AVAILABILITY = YES_AGGRESSIVE;
				CLANG_WARN_UNREACHABLE_CODE = YES;
				CLANG_WARN__DUPLICATE_METHOD_MATCH = YES;
				COPY_PHASE_STRIP = NO;
				DEBUG_INFORMATION_FORMAT = "dwarf-with-dsym";
				DEVELOPMENT_TEAM = SY8DWFNG8P;
				ENABLE_HARDENED_RUNTIME = YES;
				ENABLE_NS_ASSERTIONS = NO;
				ENABLE_STRICT_OBJC_MSGSEND = YES;
				ENABLE_USER_SCRIPT_SANDBOXING = NO;
				GCC_C_LANGUAGE_STANDARD = gnu17;
				GCC_NO_COMMON_BLOCKS = YES;
				GCC_WARN_64_TO_32_BIT_CONVERSION = YES;
				GCC_WARN_ABOUT_RETURN_TYPE = YES_ERROR;
				GCC_WARN_UNDECLARED_SELECTOR = YES;
				GCC_WARN_UNINITIALIZED_AUTOS = YES_AGGRESSIVE;
				GCC_WARN_UNUSED_FUNCTION = YES;
				GCC_WARN_UNUSED_VARIABLE = YES;
				LOCALIZATION_PREFERS_STRING_CATALOGS = YES;
				MACOSX_DEPLOYMENT_TARGET = 26.2;
				MTL_ENABLE_DEBUG_INFO = NO;
				MTL_FAST_MATH = YES;
				SDKROOT = macosx;
				SWIFT_COMPILATION_MODE = wholemodule;
				SWIFT_VERSION = "";
			};
			name = Release;
		};
		C72340912F263E5500C53976 /* Debug */ = {
			isa = XCBuildConfiguration;
			buildSettings = {
				ASSETCATALOG_COMPILER_APPICON_NAME = AppIcon;
				ASSETCATALOG_COMPILER_GLOBAL_ACCENT_COLOR_NAME = AccentColor;
				AUTOMATION_APPLE_EVENTS = NO;
				CODE_SIGN_ENTITLEMENTS = PasswordMonitor/PasswordMonitor.entitlements;
				CODE_SIGN_IDENTITY = "Apple Development";
				CODE_SIGN_STYLE = Automatic;
				COMBINE_HIDPI_IMAGES = YES;
				CURRENT_PROJECT_VERSION = 17;
				DEVELOPMENT_TEAM = SY8DWFNG8P;
				ENABLE_APP_SANDBOX = NO;
				ENABLE_HARDENED_RUNTIME = YES;
				ENABLE_PREVIEWS = YES;
				ENABLE_RESOURCE_ACCESS_AUDIO_INPUT = NO;
				ENABLE_RESOURCE_ACCESS_CALENDARS = NO;
				ENABLE_RESOURCE_ACCESS_CAMERA = NO;
				ENABLE_RESOURCE_ACCESS_CONTACTS = NO;
				ENABLE_RESOURCE_ACCESS_LOCATION = NO;
				ENABLE_RESOURCE_ACCESS_PHOTO_LIBRARY = NO;
				GENERATE_INFOPLIST_FILE = YES;
				INFOPLIST_KEY_LSApplicationCategoryType = "public.app-category.utilities";
				INFOPLIST_KEY_NSHumanReadableCopyright = "";
				LD_RUNPATH_SEARCH_PATHS = (
					"$(inherited)",
					"@executable_path/../Frameworks",
				);
				MACOSX_DEPLOYMENT_TARGET = 14.0;
				MARKETING_VERSION = 1.9.0;
				PRODUCT_BUNDLE_IDENTIFIER = popo.PasswordMonitor;
				PRODUCT_NAME = "$(TARGET_NAME)";
				REGISTER_APP_GROUPS = YES;
				RUNTIME_EXCEPTION_ALLOW_DYLD_ENVIRONMENT_VARIABLES = YES;
				RUNTIME_EXCEPTION_ALLOW_JIT = YES;
				RUNTIME_EXCEPTION_ALLOW_UNSIGNED_EXECUTABLE_MEMORY = YES;
				RUNTIME_EXCEPTION_DEBUGGING_TOOL = YES;
				RUNTIME_EXCEPTION_DISABLE_EXECUTABLE_PAGE_PROTECTION = YES;
				RUNTIME_EXCEPTION_DISABLE_LIBRARY_VALIDATION = YES;
				STRING_CATALOG_GENERATE_SYMBOLS = YES;
				SWIFT_APPROACHABLE_CONCURRENCY = YES;
				SWIFT_DEFAULT_ACTOR_ISOLATION = MainActor;
				SWIFT_EMIT_LOC_STRINGS = YES;
				SWIFT_UPCOMING_FEATURE_MEMBER_IMPORT_VISIBILITY = YES;
				SWIFT_VERSION = 5.0;
			};
			name = Debug;
		};
		C72340922F263E5500C53976 /* Release */ = {
			isa = XCBuildConfiguration;
			buildSettings = {
				ASSETCATALOG_COMPILER_APPICON_NAME = AppIcon;
				ASSETCATALOG_COMPILER_GLOBAL_ACCENT_COLOR_NAME = AccentColor;
				AUTOMATION_APPLE_EVENTS = NO;
				CODE_SIGN_ENTITLEMENTS = PasswordMonitor/PasswordMonitor.entitlements;
				CODE_SIGN_IDENTITY = "Apple Development";
				CODE_SIGN_STYLE = Automatic;
				COMBINE_HIDPI_IMAGES = YES;
				CURRENT_PROJECT_VERSION = 17;
				DEVELOPMENT_TEAM = SY8DWFNG8P;
				ENABLE_APP_SANDBOX = NO;
				ENABLE_HARDENED_RUNTIME = YES;
				ENABLE_PREVIEWS = YES;
				ENABLE_RESOURCE_ACCESS_AUDIO_INPUT = NO;
				ENABLE_RESOURCE_ACCESS_CALENDARS = NO;
				ENABLE_RESOURCE_ACCESS_CAMERA = NO;
				ENABLE_RESOURCE_ACCESS_CONTACTS = NO;
				ENABLE_RESOURCE_ACCESS_LOCATION = NO;
				ENABLE_RESOURCE_ACCESS_PHOTO_LIBRARY = NO;
				GENERATE_INFOPLIST_FILE = YES;
				INFOPLIST_KEY_LSApplicationCategoryType = "public.app-category.utilities";
				INFOPLIST_KEY_NSHumanReadableCopyright = "";
				LD_RUNPATH_SEARCH_PATHS = (
					"$(inherited)",
					"@executable_path/../Frameworks",
				);
				MACOSX_DEPLOYMENT_TARGET = 14.0;
				MARKETING_VERSION = 1.9.0;
				PRODUCT_BUNDLE_IDENTIFIER = popo.PasswordMonitor;
				PRODUCT_NAME = "$(TARGET_NAME)";
				REGISTER_APP_GROUPS = YES;
				RUNTIME_EXCEPTION_ALLOW_DYLD_ENVIRONMENT_VARIABLES = YES;
				RUNTIME_EXCEPTION_ALLOW_JIT = YES;
				RUNTIME_EXCEPTION_ALLOW_UNSIGNED_EXECUTABLE_MEMORY = YES;
				RUNTIME_EXCEPTION_DEBUGGING_TOOL = YES;
				RUNTIME_EXCEPTION_DISABLE_EXECUTABLE_PAGE_PROTECTION = YES;
				RUNTIME_EXCEPTION_DISABLE_LIBRARY_VALIDATION = YES;
				STRING_CATALOG_GENERATE_SYMBOLS = YES;
				SWIFT_APPROACHABLE_CONCURRENCY = YES;
				SWIFT_DEFAULT_ACTOR_ISOLATION = MainActor;
				SWIFT_EMIT_LOC_STRINGS = YES;
				SWIFT_UPCOMING_FEATURE_MEMBER_IMPORT_VISIBILITY = YES;
				SWIFT_VERSION = 5.0;
			};
			name = Release;
		};
		C72340C72F28192F00C53976 /* Debug */ = {
			isa = XCBuildConfiguration;
			buildSettings = {
				BUILD_LIBRARY_FOR_DISTRIBUTION = YES;
				CODE_SIGN_IDENTITY = "Apple Development";
				CODE_SIGN_STYLE = Automatic;
				COMBINE_HIDPI_IMAGES = YES;
				CURRENT_PROJECT_VERSION = 17;
				DEVELOPMENT_TEAM = SY8DWFNG8P;
				DYLIB_COMPATIBILITY_VERSION = 1;
				DYLIB_CURRENT_VERSION = 1;
				DYLIB_INSTALL_NAME_BASE = "@rpath";
				ENABLE_MODULE_VERIFIER = YES;
				ENABLE_USER_SCRIPT_SANDBOXING = YES;
				GENERATE_INFOPLIST_FILE = YES;
				INFOPLIST_KEY_NSHumanReadableCopyright = "";
				INSTALL_PATH = "$(LOCAL_LIBRARY_DIR)/Frameworks";
				LD_RUNPATH_SEARCH_PATHS = (
					"$(inherited)",
					"@executable_path/../Frameworks",
					"@loader_path/Frameworks",
				);
				MACOSX_DEPLOYMENT_TARGET = 14.0;
				MARKETING_VERSION = 1.9.0;
				MODULE_VERIFIER_SUPPORTED_LANGUAGES = "objective-c objective-c++";
				MODULE_VERIFIER_SUPPORTED_LANGUAGE_STANDARDS = "gnu17 gnu++20";
				PRODUCT_BUNDLE_IDENTIFIER = popo.PasswordMonitorCore;
				PRODUCT_NAME = "$(TARGET_NAME:c99extidentifier)";
				SKIP_INSTALL = YES;
				STRING_CATALOG_GENERATE_SYMBOLS = YES;
				SWIFT_APPROACHABLE_CONCURRENCY = YES;
				SWIFT_EMIT_LOC_STRINGS = YES;
				SWIFT_INSTALL_MODULE = YES;
				SWIFT_INSTALL_OBJC_HEADER = NO;
				SWIFT_UPCOMING_FEATURE_MEMBER_IMPORT_VISIBILITY = YES;
				SWIFT_VERSION = 5.0;
				VERSIONING_SYSTEM = "apple-generic";
				VERSION_INFO_PREFIX = "";
			};
			name = Debug;
		};
		C72340C82F28192F00C53976 /* Release */ = {
			isa = XCBuildConfiguration;
			buildSettings = {
				BUILD_LIBRARY_FOR_DISTRIBUTION = YES;
				CODE_SIGN_IDENTITY = "Apple Development";
				CODE_SIGN_STYLE = Automatic;
				COMBINE_HIDPI_IMAGES = YES;
				CURRENT_PROJECT_VERSION = 17;
				DEVELOPMENT_TEAM = SY8DWFNG8P;
				DYLIB_COMPATIBILITY_VERSION = 1;
				DYLIB_CURRENT_VERSION = 1;
				DYLIB_INSTALL_NAME_BASE = "@rpath";
				ENABLE_MODULE_VERIFIER = YES;
				ENABLE_USER_SCRIPT_SANDBOXING = YES;
				GENERATE_INFOPLIST_FILE = YES;
				INFOPLIST_KEY_NSHumanReadableCopyright = "";
				INSTALL_PATH = "$(LOCAL_LIBRARY_DIR)/Frameworks";
				LD_RUNPATH_SEARCH_PATHS = (
					"$(inherited)",
					"@executable_path/../Frameworks",
					"@loader_path/Frameworks",
				);
				MACOSX_DEPLOYMENT_TARGET = 14.0;
				MARKETING_VERSION = 1.9.0;
				MODULE_VERIFIER_SUPPORTED_LANGUAGES = "objective-c objective-c++";
				MODULE_VERIFIER_SUPPORTED_LANGUAGE_STANDARDS = "gnu17 gnu++20";
				PRODUCT_BUNDLE_IDENTIFIER = popo.PasswordMonitorCore;
				PRODUCT_NAME = "$(TARGET_NAME:c99extidentifier)";
				SKIP_INSTALL = YES;
				STRING_CATALOG_GENERATE_SYMBOLS = YES;
				SWIFT_APPROACHABLE_CONCURRENCY = YES;
				SWIFT_EMIT_LOC_STRINGS = YES;
				SWIFT_INSTALL_MODULE = YES;
				SWIFT_INSTALL_OBJC_HEADER = NO;
				SWIFT_UPCOMING_FEATURE_MEMBER_IMPORT_VISIBILITY = YES;
				SWIFT_VERSION = 5.0;
				VERSIONING_SYSTEM = "apple-generic";
				VERSION_INFO_PREFIX = "";
			};
			name = Release;
		};
		7953A50FCEA941B09122EDA9 /* Debug */ = {
			isa = XCBuildConfiguration;
			buildSettings = {
				CLANG_ENABLE_MODULES = YES;
				CODE_SIGN_IDENTITY = "Apple Development";
				CODE_SIGN_STYLE = Automatic;
				DEVELOPMENT_TEAM = SY8DWFNG8P;
				GENERATE_INFOPLIST_FILE = YES;
				MACOSX_DEPLOYMENT_TARGET = 14.0;
				MARKETING_VERSION = 1.9.0;
				PRODUCT_BUNDLE_IDENTIFIER = popo.PasswordMonitorCoreTests;
				PRODUCT_NAME = "$(TARGET_NAME)";
				SWIFT_VERSION = 5.0;
			};
			name = Debug;
		};
		0042A04F5D024F7D882D34F1 /* Release */ = {
			isa = XCBuildConfiguration;
			buildSettings = {
				CLANG_ENABLE_MODULES = YES;
				CODE_SIGN_IDENTITY = "Apple Development";
				CODE_SIGN_STYLE = Automatic;
				DEVELOPMENT_TEAM = SY8DWFNG8P;
				GENERATE_INFOPLIST_FILE = YES;
				MACOSX_DEPLOYMENT_TARGET = 14.0;
				MARKETING_VERSION = 1.9.0;
				PRODUCT_BUNDLE_IDENTIFIER = popo.PasswordMonitorCoreTests;
				PRODUCT_NAME = "$(TARGET_NAME)";
				SWIFT_VERSION = 5.0;
			};
			name = Release;
		};
		C75A04862F2B3786009BC04C /* Debug */ = {
			isa = XCBuildConfiguration;
			buildSettings = {
				ASSETCATALOG_COMPILER_APPICON_NAME = AppIcon;
				ASSETCATALOG_COMPILER_GLOBAL_ACCENT_COLOR_NAME = AccentColor;
				AUTOMATION_APPLE_EVENTS = NO;
				CODE_SIGN_ENTITLEMENTS = PasswordMonitorHelperApp/PasswordMonitorHelperApp.entitlements;
				CODE_SIGN_IDENTITY = "Apple Development";
				"CODE_SIGN_IDENTITY[sdk=macosx*]" = "Apple Development";
				CODE_SIGN_STYLE = Automatic;
				COMBINE_HIDPI_IMAGES = YES;
				CURRENT_PROJECT_VERSION = 17;
				DEVELOPMENT_TEAM = SY8DWFNG8P;
				ENABLE_APP_SANDBOX = NO;
				ENABLE_HARDENED_RUNTIME = YES;
				ENABLE_PREVIEWS = YES;
				ENABLE_RESOURCE_ACCESS_AUDIO_INPUT = NO;
				ENABLE_RESOURCE_ACCESS_CALENDARS = NO;
				ENABLE_RESOURCE_ACCESS_CAMERA = NO;
				ENABLE_RESOURCE_ACCESS_CONTACTS = NO;
				ENABLE_RESOURCE_ACCESS_LOCATION = NO;
				ENABLE_RESOURCE_ACCESS_PHOTO_LIBRARY = NO;
				ENABLE_USER_SCRIPT_SANDBOXING = YES;
				GENERATE_INFOPLIST_FILE = YES;
				INFOPLIST_FILE = PasswordMonitorHelperApp/Info.plist;
				INFOPLIST_KEY_CFBundleDisplayName = PasswordMonitorHelperApp;
				INFOPLIST_KEY_LSApplicationCategoryType = "public.app-category.utilities";
				INFOPLIST_KEY_NSHumanReadableCopyright = "";
				LD_RUNPATH_SEARCH_PATHS = (
					"$(inherited)",
					"@executable_path/../Frameworks",
					"@executable_path/../../../../../Frameworks",
				);
				MACOSX_DEPLOYMENT_TARGET = 14.0;
				MARKETING_VERSION = 1.9.0;
				PRODUCT_BUNDLE_IDENTIFIER = popo.PasswordMonitorHelperApp;
				PRODUCT_NAME = "$(TARGET_NAME)";
				REGISTER_APP_GROUPS = YES;
				RUNTIME_EXCEPTION_ALLOW_DYLD_ENVIRONMENT_VARIABLES = YES;
				RUNTIME_EXCEPTION_ALLOW_JIT = YES;
				RUNTIME_EXCEPTION_ALLOW_UNSIGNED_EXECUTABLE_MEMORY = YES;
				RUNTIME_EXCEPTION_DEBUGGING_TOOL = YES;
				RUNTIME_EXCEPTION_DISABLE_EXECUTABLE_PAGE_PROTECTION = YES;
				RUNTIME_EXCEPTION_DISABLE_LIBRARY_VALIDATION = YES;
				STRING_CATALOG_GENERATE_SYMBOLS = YES;
				SWIFT_APPROACHABLE_CONCURRENCY = YES;
				SWIFT_DEFAULT_ACTOR_ISOLATION = MainActor;
				SWIFT_EMIT_LOC_STRINGS = YES;
				SWIFT_UPCOMING_FEATURE_MEMBER_IMPORT_VISIBILITY = YES;
				SWIFT_VERSION = 5.0;
				TARGETED_DEVICE_FAMILY = "";
			};
			name = Debug;
		};
		C75A04872F2B3786009BC04C /* Release */ = {
			isa = XCBuildConfiguration;
			buildSettings = {
				ASSETCATALOG_COMPILER_APPICON_NAME = AppIcon;
				ASSETCATALOG_COMPILER_GLOBAL_ACCENT_COLOR_NAME = AccentColor;
				AUTOMATION_APPLE_EVENTS = NO;
				CODE_SIGN_ENTITLEMENTS = PasswordMonitorHelperApp/PasswordMonitorHelperApp.entitlements;
				CODE_SIGN_IDENTITY = "Apple Development";
				"CODE_SIGN_IDENTITY[sdk=macosx*]" = "Apple Development";
				CODE_SIGN_STYLE = Automatic;
				COMBINE_HIDPI_IMAGES = YES;
				CURRENT_PROJECT_VERSION = 17;
				DEVELOPMENT_TEAM = SY8DWFNG8P;
				ENABLE_APP_SANDBOX = NO;
				ENABLE_HARDENED_RUNTIME = YES;
				ENABLE_PREVIEWS = YES;
				ENABLE_RESOURCE_ACCESS_AUDIO_INPUT = NO;
				ENABLE_RESOURCE_ACCESS_CALENDARS = NO;
				ENABLE_RESOURCE_ACCESS_CAMERA = NO;
				ENABLE_RESOURCE_ACCESS_CONTACTS = NO;
				ENABLE_RESOURCE_ACCESS_LOCATION = NO;
				ENABLE_RESOURCE_ACCESS_PHOTO_LIBRARY = NO;
				ENABLE_USER_SCRIPT_SANDBOXING = YES;
				GENERATE_INFOPLIST_FILE = YES;
				INFOPLIST_FILE = PasswordMonitorHelperApp/Info.plist;
				INFOPLIST_KEY_CFBundleDisplayName = PasswordMonitorHelperApp;
				INFOPLIST_KEY_LSApplicationCategoryType = "public.app-category.utilities";
				INFOPLIST_KEY_NSHumanReadableCopyright = "";
				LD_RUNPATH_SEARCH_PATHS = (
					"$(inherited)",
					"@executable_path/../Frameworks",
					"@executable_path/../../../../../Frameworks",
				);
				MACOSX_DEPLOYMENT_TARGET = 14.0;
				MARKETING_VERSION = 1.9.0;
				PRODUCT_BUNDLE_IDENTIFIER = popo.PasswordMonitorHelperApp;
				PRODUCT_NAME = "$(TARGET_NAME)";
				REGISTER_APP_GROUPS = YES;
				RUNTIME_EXCEPTION_ALLOW_DYLD_ENVIRONMENT_VARIABLES = YES;
				RUNTIME_EXCEPTION_ALLOW_JIT = YES;
				RUNTIME_EXCEPTION_ALLOW_UNSIGNED_EXECUTABLE_MEMORY = YES;
				RUNTIME_EXCEPTION_DEBUGGING_TOOL = YES;
				RUNTIME_EXCEPTION_DISABLE_EXECUTABLE_PAGE_PROTECTION = YES;
				RUNTIME_EXCEPTION_DISABLE_LIBRARY_VALIDATION = YES;
				STRING_CATALOG_GENERATE_SYMBOLS = YES;
				SWIFT_APPROACHABLE_CONCURRENCY = YES;
				SWIFT_DEFAULT_ACTOR_ISOLATION = MainActor;
				SWIFT_EMIT_LOC_STRINGS = YES;
				SWIFT_UPCOMING_FEATURE_MEMBER_IMPORT_VISIBILITY = YES;
				SWIFT_VERSION = 5.0;
				TARGETED_DEVICE_FAMILY = "";
			};
			name = Release;
		};
/* End XCBuildConfiguration section */

/* Begin XCConfigurationList section */
		C72340802F263E5400C53976 /* Build configuration list for PBXProject "PasswordMonitor" */ = {
			isa = XCConfigurationList;
			buildConfigurations = (
				C723408E2F263E5500C53976 /* Debug */,
				C723408F2F263E5500C53976 /* Release */,
			);
			defaultConfigurationIsVisible = 0;
			defaultConfigurationName = Release;
		};
		C72340902F263E5500C53976 /* Build configuration list for PBXNativeTarget "PasswordMonitor" */ = {
			isa = XCConfigurationList;
			buildConfigurations = (
				C72340912F263E5500C53976 /* Debug */,
				C72340922F263E5500C53976 /* Release */,
			);
			defaultConfigurationIsVisible = 0;
			defaultConfigurationName = Release;
		};
		C72340C62F28192F00C53976 /* Build configuration list for PBXNativeTarget "PasswordMonitorCore" */ = {
			isa = XCConfigurationList;
			buildConfigurations = (
				C72340C72F28192F00C53976 /* Debug */,
				C72340C82F28192F00C53976 /* Release */,
			);
			defaultConfigurationIsVisible = 0;
			defaultConfigurationName = Release;
		};
		C75A04882F2B3786009BC04C /* Build configuration list for PBXNativeTarget "PasswordMonitorHelperApp" */ = {
			isa = XCConfigurationList;
			buildConfigurations = (
				C75A04862F2B3786009BC04C /* Debug */,
				C75A04872F2B3786009BC04C /* Release */,
			);
			defaultConfigurationIsVisible = 0;
			defaultConfigurationName = Release;
		};
		E27DF592E3F64D8490400832 /* Build configuration list for PBXNativeTarget "PasswordMonitorCoreTests" */ = {
			isa = XCConfigurationList;
			buildConfigurations = (
				7953A50FCEA941B09122EDA9 /* Debug */,
				0042A04F5D024F7D882D34F1 /* Release */,
			);
			defaultConfigurationIsVisible = 0;
			defaultConfigurationName = Release;
		};
/* End XCConfigurationList section */
	};
	rootObject = C723407D2F263E5400C53976 /* Project object */;
}
